// !$*UTF8*$!
{
	archiveVersion = 1;
	classes = {
	};
	objectVersion = 46;
	objects = {

/* Begin PBXBuildFile section */
		68AF2DF91F731EA900CFCA0D /* AppDelegate.swift in Sources */ = {isa = PBXBuildFile; fileRef = 68AF2DF81F731EA900CFCA0D /* AppDelegate.swift */; };
		68AF2DFB1F731EA900CFCA0D /* ViewController.swift in Sources */ = {isa = PBXBuildFile; fileRef = 68AF2DFA1F731EA900CFCA0D /* ViewController.swift */; };
		68AF2E001F731EA900CFCA0D /* Assets.xcassets in Resources */ = {isa = PBXBuildFile; fileRef = 68AF2DFF1F731EA900CFCA0D /* Assets.xcassets */; };
		68AF2E031F731EA900CFCA0D /* LaunchScreen.storyboard in Resources */ = {isa = PBXBuildFile; fileRef = 68AF2E011F731EA900CFCA0D /* LaunchScreen.storyboard */; };
/* End PBXBuildFile section */

/* Begin PBXFileReference section */
		68AF2DF51F731EA900CFCA0D /* TableViewWithUISearchBar.app */ = {isa = PBXFileReference; explicitFileType = wrapper.application; includeInIndex = 0; path = TableViewWithUISearchBar.app; sourceTree = BUILT_PRODUCTS_DIR; };
		68AF2DF81F731EA900CFCA0D /* AppDelegate.swift */ = {isa = PBXFileReference; lastKnownFileType = sourcecode.swift; path = AppDelegate.swift; sourceTree = "<group>"; };
		68AF2DFA1F731EA900CFCA0D /* ViewController.swift */ = {isa = PBXFileReference; lastKnownFileType = sourcecode.swift; path = ViewController.swift; sourceTree = "<group>"; };
		68AF2DFF1F731EA900CFCA0D /* Assets.xcassets */ = {isa = PBXFileReference; lastKnownFileType = folder.assetcatalog; path = Assets.xcassets; sourceTree = "<group>"; };
		68AF2E021F731EA900CFCA0D /* Base */ = {isa = PBXFileReference; lastKnownFileType = file.storyboard; name = Base; path = Base.lproj/LaunchScreen.storyboard; sourceTree = "<group>"; };
		68AF2E041F731EA900CFCA0D /* Info.plist */ = {isa = PBXFileReference; lastKnownFileType = text.plist.xml; path = Info.plist; sourceTree = "<group>"; };
/* End PBXFileReference section */

/* Begin PBXFrameworksBuildPhase section */
		68AF2DF21F731EA900CFCA0D /* Frameworks */ = {
			isa = PBXFrameworksBuildPhase;
			buildActionMask = 2147483647;
			files = (
			);
			runOnlyForDeploymentPostprocessing = 0;
		};
/* End PBXFrameworksBuildPhase section */

/* Begin PBXGroup section */
		68AF2DEC1F731EA900CFCA0D = {
			isa = PBXGroup;
			children = (
				68AF2DF71F731EA900CFCA0D /* TableViewWithUISearchBar */,
				68AF2DF61F731EA900CFCA0D /* Products */,
			);
			sourceTree = "<group>";
		};
		68AF2DF61F731EA900CFCA0D /* Products */ = {
			isa = PBXGroup;
			children = (
				68AF2DF51F731EA900CFCA0D /* TableViewWithUISearchBar.app */,
			);
			name = Products;
			sourceTree = "<group>";
		};
		68AF2DF71F731EA900CFCA0D /* TableViewWithUISearchBar */ = {
			isa = PBXGroup;
			children = (
				68AF2DF81F731EA900CFCA0D /* AppDelegate.swift */,
				68AF2DFA1F731EA900CFCA0D /* ViewController.swift */,
				68AF2DFF1F731EA900CFCA0D /* Assets.xcassets */,
				68AF2E011F731EA900CFCA0D /* LaunchScreen.storyboard */,
				68AF2E041F731EA900CFCA0D /* Info.plist */,
			);
			path = TableViewWithUISearchBar;
			sourceTree = "<group>";
		};
/* End PBXGroup section */

/* Begin PBXNativeTarget section */
		68AF2DF41F731EA900CFCA0D /* TableViewWithUISearchBar */ = {
			isa = PBXNativeTarget;
			buildConfigurationList = 68AF2E1D1F731EA900CFCA0D /* Build configuration list for PBXNativeTarget "TableViewWithUISearchBar" */;
			buildPhases = (
				68AF2DF11F731EA900CFCA0D /* Sources */,
				68AF2DF21F731EA900CFCA0D /* Frameworks */,
				68AF2DF31F731EA900CFCA0D /* Resources */,
			);
			buildRules = (
			);
			dependencies = (
			);
			name = TableViewWithUISearchBar;
			productName = TableViewWithUISearchBar;
			productReference = 68AF2DF51F731EA900CFCA0D /* TableViewWithUISearchBar.app */;
			productType = "com.apple.product-type.application";
		};
/* End PBXNativeTarget section */

/* Begin PBXProject section */
		68AF2DED1F731EA900CFCA0D /* Project object */ = {
			isa = PBXProject;
			attributes = {
				LastSwiftUpdateCheck = 0830;
				LastUpgradeCheck = 0830;
				ORGANIZATIONNAME = "Bimal Thapa";
				TargetAttributes = {
					68AF2DF41F731EA900CFCA0D = {
						CreatedOnToolsVersion = 8.3.3;
						ProvisioningStyle = Automatic;
					};
				};
			};
			buildConfigurationList = 68AF2DF01F731EA900CFCA0D /* Build configuration list for PBXProject "TableViewWithUISearchBar" */;
			compatibilityVersion = "Xcode 3.2";
			developmentRegion = English;
			hasScannedForEncodings = 0;
			knownRegions = (
				en,
				Base,
			);
			mainGroup = 68AF2DEC1F731EA900CFCA0D;
			productRefGroup = 68AF2DF61F731EA900CFCA0D /* Products */;
			projectDirPath = "";
			projectRoot = "";
			targets = (
				68AF2DF41F731EA900CFCA0D /* TableViewWithUISearchBar */,
			);
		};
/* End PBXProject section */

/* Begin PBXResourcesBuildPhase section */
		68AF2DF31F731EA900CFCA0D /* Resources */ = {
			isa = PBXResourcesBuildPhase;
			buildActionMask = 2147483647;
			files = (
				68AF2E031F731EA900CFCA0D /* LaunchScreen.storyboard in Resources */,
				68AF2E001F731EA900CFCA0D /* Assets.xcassets in Resources */,
			);
			runOnlyForDeploymentPostprocessing = 0;
		};
/* End PBXResourcesBuildPhase section */

/* Begin PBXSourcesBuildPhase section */
		68AF2DF11F731EA900CFCA0D /* Sources */ = {
			isa = PBXSourcesBuildPhase;
			buildActionMask = 2147483647;
			files = (
				68AF2DFB1F731EA900CFCA0D /* ViewController.swift in Sources */,
				68AF2DF91F731EA900CFCA0D /* AppDelegate.swift in Sources */,
			);
			runOnlyForDeploymentPostprocessing = 0;
		};
/* End PBXSourcesBuildPhase section */

/* Begin PBXVariantGroup section */
		68AF2E011F731EA900CFCA0D /* LaunchScreen.storyboard */ = {
			isa = PBXVariantGroup;
			children = (
				68AF2E021F731EA900CFCA0D /* Base */,
			);
			name = LaunchScreen.storyboard;
			sourceTree = "<group>";
		};
/* End PBXVariantGroup section */

/* Begin XCBuildConfiguration section */
		68AF2E1B1F731EA900CFCA0D /* Debug */ = {
			isa = XCBuildConfiguration;
			buildSettings = {
				ALWAYS_SEARCH_USER_PATHS = NO;
				CLANG_ANALYZER_NONNULL = YES;
				CLANG_ANALYZER_NUMBER_OBJECT_CONVERSION = YES_AGGRESSIVE;
				CLANG_CXX_LANGUAGE_STANDARD = "gnu++0x";
				CLANG_CXX_LIBRARY = "libc++";
				CLANG_ENABLE_MODULES = YES;
				CLANG_ENABLE_OBJC_ARC = YES;
				CLANG_WARN_BOOL_CONVERSION = YES;
				CLANG_WARN_CONSTANT_CONVERSION = YES;
				CLANG_WARN_DIRECT_OBJC_ISA_USAGE = YES_ERROR;
				CLANG_WARN_DOCUMENTATION_COMMENTS = YES;
				CLANG_WARN_EMPTY_BODY = YES;
				CLANG_WARN_ENUM_CONVERSION = YES;
				CLANG_WARN_INFINITE_RECURSION = YES;
				CLANG_WARN_INT_CONVERSION = YES;
				CLANG_WARN_OBJC_ROOT_CLASS = YES_ERROR;
				CLANG_WARN_SUSPICIOUS_MOVE = YES;
				CLANG_WARN_UNREACHABLE_CODE = YES;
				CLANG_WARN__DUPLICATE_METHOD_MATCH = YES;
				"CODE_SIGN_IDENTITY[sdk=iphoneos*]" = "iPhone Developer";
				COPY_PHASE_STRIP = NO;
				DEBUG_INFORMATION_FORMAT = dwarf;
				ENABLE_STRICT_OBJC_MSGSEND = YES;
				ENABLE_TESTABILITY = YES;
				GCC_C_LANGUAGE_STANDARD = gnu99;
				GCC_DYNAMIC_NO_PIC = NO;
				GCC_NO_COMMON_BLOCKS = YES;
				GCC_OPTIMIZATION_LEVEL = 0;
				GCC_PREPROCESSOR_DEFINITIONS = (
					"DEBUG=1",
					"$(inherited)",
				);
				GCC_WARN_64_TO_32_BIT_CONVERSION = YES;
				GCC_WARN_ABOUT_RETURN_TYPE = YES_ERROR;
				GCC_WARN_UNDECLARED_SELECTOR = YES;
				GCC_WARN_UNINITIALIZED_AUTOS = YES_AGGRESSIVE;
				GCC_WARN_UNUSED_FUNCTION = YES;
				GCC_WARN_UNUSED_VARIABLE = YES;
				IPHONEOS_DEPLOYMENT_TARGET = 10.3;
				MTL_ENABLE_DEBUG_INFO = YES;
				ONLY_ACTIVE_ARCH = YES;
				SDKROOT = iphoneos;
				SWIFT_ACTIVE_COMPILATION_CONDITIONS = DEBUG;
				SWIFT_OPTIMIZATION_LEVEL = "-Onone";
				TARGETED_DEVICE_FAMILY = "1,2";
			};
			name = Debug;
		};
		68AF2E1C1F731EA900CFCA0D /* Release */ = {
			isa = XCBuildConfiguration;
			buildSettings = {
				ALWAYS_SEARCH_USER_PATHS = NO;
				CLANG_ANALYZER_NONNULL = YES;
				CLANG_ANALYZER_NUMBER_OBJECT_CONVERSION = YES_AGGRESSIVE;
				CLANG_CXX_LANGUAGE_STANDARD = "gnu++0x";
				CLANG_CXX_LIBRARY = "libc++";
				CLANG_ENABLE_MODULES = YES;
				CLANG_ENABLE_OBJC_ARC = YES;
				CLANG_WARN_BOOL_CONVERSION = YES;
				CLANG_WARN_CONSTANT_CONVERSION = YES;
				CLANG_WARN_DIRECT_OBJC_ISA_USAGE = YES_ERROR;
				CLANG_WARN_DOCUMENTATION_COMMENTS = YES;
				CLANG_WARN_EMPTY_BODY = YES;
				CLANG_WARN_ENUM_CONVERSION = YES;
				CLANG_WARN_INFINITE_RECURSION = YES;
				CLANG_WARN_INT_CONVERSION = YES;
				CLANG_WARN_OBJC_ROOT_CLASS = YES_ERROR;
				CLANG_WARN_SUSPICIOUS_MOVE = YES;
				CLANG_WARN_UNREACHABLE_CODE = YES;
				CLANG_WARN__DUPLICATE_METHOD_MATCH = YES;
				"CODE_SIGN_IDENTITY[sdk=iphoneos*]" = "iPhone Developer";
				COPY_PHASE_STRIP = NO;
				DEBUG_INFORMATION_FORMAT = "dwarf-with-dsym";
				ENABLE_NS_ASSERTIONS = NO;
				ENABLE_STRICT_OBJC_MSGSEND = YES;
				GCC_C_LANGUAGE_STANDARD = gnu99;
				GCC_NO_COMMON_BLOCKS = YES;
				GCC_WARN_64_TO_32_BIT_CONVERSION = YES;
				GCC_WARN_ABOUT_RETURN_TYPE = YES_ERROR;
				GCC_WARN_UNDECLARED_SELECTOR = YES;
				GCC_WARN_UNINITIALIZED_AUTOS = YES_AGGRESSIVE;
				GCC_WARN_UNUSED_FUNCTION = YES;
				GCC_WARN_UNUSED_VARIABLE = YES;
				IPHONEOS_DEPLOYMENT_TARGET = 10.3;
				MTL_ENABLE_DEBUG_INFO = NO;
				SDKROOT = iphoneos;
				SWIFT_OPTIMIZATION_LEVEL = "-Owholemodule";
				TARGETED_DEVICE_FAMILY = "1,2";
				VALIDATE_PRODUCT = YES;
			};
			name = Release;
		};
		68AF2E1E1F731EA900CFCA0D /* Debug */ = {
			isa = XCBuildConfiguration;
			buildSettings = {
				ASSETCATALOG_COMPILER_APPICON_NAME = AppIcon;
				INFOPLIST_FILE = TableViewWithUISearchBar/Info.plist;
				LD_RUNPATH_SEARCH_PATHS = "$(inherited) @executable_path/Frameworks";
				PRODUCT_BUNDLE_IDENTIFIER = TableViewWithUISearchBar;
				PRODUCT_NAME = "$(TARGET_NAME)";
				SWIFT_VERSION = 3.0;
			};
			name = Debug;
		};
		68AF2E1F1F731EA900CFCA0D /* Release */ = {
			isa = XCBuildConfiguration;
			buildSettings = {
				ASSETCATALOG_COMPILER_APPICON_NAME = AppIcon;
				INFOPLIST_FILE = TableViewWithUISearchBar/Info.plist;
				LD_RUNPATH_SEARCH_PATHS = "$(inherited) @executable_path/Frameworks";
				PRODUCT_BUNDLE_IDENTIFIER = TableViewWithUISearchBar;
				PRODUCT_NAME = "$(TARGET_NAME)";
				SWIFT_VERSION = 3.0;
			};
			name = Release;
		};
/* End XCBuildConfiguration section */

/* Begin XCConfigurationList section */
		68AF2DF01F731EA900CFCA0D /* Build configuration list for PBXProject "TableViewWithUISearchBar" */ = {
			isa = XCConfigurationList;
			buildConfigurations = (
				68AF2E1B1F731EA900CFCA0D /* Debug */,
				68AF2E1C1F731EA900CFCA0D /* Release */,
			);
			defaultConfigurationIsVisible = 0;
			defaultConfigurationName = Release;
		};
		68AF2E1D1F731EA900CFCA0D /* Build configuration list for PBXNativeTarget "TableViewWithUISearchBar" */ = {
			isa = XCConfigurationList;
			buildConfigurations = (
				68AF2E1E1F731EA900CFCA0D /* Debug */,
				68AF2E1F1F731EA900CFCA0D /* Release */,
			);
			defaultConfigurationIsVisible = 0;
			defaultConfigurationName = Release;
		};
/* End XCConfigurationList section */
	};
	rootObject = 68AF2DED1F731EA900CFCA0D /* Project object */;
}
